// !$*UTF8*$!
{
	archiveVersion = 1;
	classes = {
	};
	objectVersion = 50;
	objects = {

/* Begin PBXBuildFile section */
		063E748024634A6000819FA2 /* LargeTableViewCell.swift in Sources */ = {isa = PBXBuildFile; fileRef = 063E747E24634A6000819FA2 /* LargeTableViewCell.swift */; };
		063E748124634A6000819FA2 /* LargeTableViewCell.xib in Resources */ = {isa = PBXBuildFile; fileRef = 063E747F24634A6000819FA2 /* LargeTableViewCell.xib */; };
		06C56FCB24770EEC00B81DA6 /* ViewController.swift in Sources */ = {isa = PBXBuildFile; fileRef = 06EAF93E2460439D0084DEF4 /* ViewController.swift */; };
		06C56FCC24770EEC00B81DA6 /* AppDelegate.swift in Sources */ = {isa = PBXBuildFile; fileRef = 06EAF93A2460439D0084DEF4 /* AppDelegate.swift */; };
		06C56FCD24770EEC00B81DA6 /* SceneDelegate.swift in Sources */ = {isa = PBXBuildFile; fileRef = 06EAF93C2460439D0084DEF4 /* SceneDelegate.swift */; };
		06C56FCE24770EEC00B81DA6 /* LargeTableViewCell.swift in Sources */ = {isa = PBXBuildFile; fileRef = 063E747E24634A6000819FA2 /* LargeTableViewCell.swift */; };
		06C56FCF24770EEC00B81DA6 /* CardTableViewCell.swift in Sources */ = {isa = PBXBuildFile; fileRef = 06EAF96A24604D160084DEF4 /* CardTableViewCell.swift */; };
		06C56FD224770EEC00B81DA6 /* LaunchScreen.storyboard in Resources */ = {isa = PBXBuildFile; fileRef = 06EAF9452460439F0084DEF4 /* LaunchScreen.storyboard */; };
		06C56FD324770EEC00B81DA6 /* LargeTableViewCell.xib in Resources */ = {isa = PBXBuildFile; fileRef = 063E747F24634A6000819FA2 /* LargeTableViewCell.xib */; };
		06C56FD424770EEC00B81DA6 /* Assets.xcassets in Resources */ = {isa = PBXBuildFile; fileRef = 06EAF9432460439F0084DEF4 /* Assets.xcassets */; };
		06C56FD524770EEC00B81DA6 /* Main.storyboard in Resources */ = {isa = PBXBuildFile; fileRef = 06EAF9402460439D0084DEF4 /* Main.storyboard */; };
		06C56FD624770EEC00B81DA6 /* CardTableViewCell.xib in Resources */ = {isa = PBXBuildFile; fileRef = 06EAF96B24604D160084DEF4 /* CardTableViewCell.xib */; };
		06E45952249BE4EC00920A6D /* TampinhaTableViewCell.swift in Sources */ = {isa = PBXBuildFile; fileRef = 06E45950249BE4EC00920A6D /* TampinhaTableViewCell.swift */; };
		06E45953249BE4EC00920A6D /* TampinhaTableViewCell.xib in Resources */ = {isa = PBXBuildFile; fileRef = 06E45951249BE4EC00920A6D /* TampinhaTableViewCell.xib */; };
		06E45955249BE76D00920A6D /* TampinhaTableViewCell.swift in Sources */ = {isa = PBXBuildFile; fileRef = 06E45950249BE4EC00920A6D /* TampinhaTableViewCell.swift */; };
		06E45958249BE82600920A6D /* TampinhaCollectionViewCell.swift in Sources */ = {isa = PBXBuildFile; fileRef = 06E45956249BE82600920A6D /* TampinhaCollectionViewCell.swift */; };
		06E45959249BE82600920A6D /* TampinhaCollectionViewCell.xib in Resources */ = {isa = PBXBuildFile; fileRef = 06E45957249BE82600920A6D /* TampinhaCollectionViewCell.xib */; };
		06EAF93B2460439D0084DEF4 /* AppDelegate.swift in Sources */ = {isa = PBXBuildFile; fileRef = 06EAF93A2460439D0084DEF4 /* AppDelegate.swift */; };
		06EAF93D2460439D0084DEF4 /* SceneDelegate.swift in Sources */ = {isa = PBXBuildFile; fileRef = 06EAF93C2460439D0084DEF4 /* SceneDelegate.swift */; };
		06EAF93F2460439D0084DEF4 /* ViewController.swift in Sources */ = {isa = PBXBuildFile; fileRef = 06EAF93E2460439D0084DEF4 /* ViewController.swift */; };
		06EAF9422460439D0084DEF4 /* Main.storyboard in Resources */ = {isa = PBXBuildFile; fileRef = 06EAF9402460439D0084DEF4 /* Main.storyboard */; };
		06EAF9442460439F0084DEF4 /* Assets.xcassets in Resources */ = {isa = PBXBuildFile; fileRef = 06EAF9432460439F0084DEF4 /* Assets.xcassets */; };
		06EAF9472460439F0084DEF4 /* LaunchScreen.storyboard in Resources */ = {isa = PBXBuildFile; fileRef = 06EAF9452460439F0084DEF4 /* LaunchScreen.storyboard */; };
		06EAF9522460439F0084DEF4 /* TableViewSampleTests.swift in Sources */ = {isa = PBXBuildFile; fileRef = 06EAF9512460439F0084DEF4 /* TableViewSampleTests.swift */; };
		06EAF95D2460439F0084DEF4 /* TableViewSampleUITests.swift in Sources */ = {isa = PBXBuildFile; fileRef = 06EAF95C2460439F0084DEF4 /* TableViewSampleUITests.swift */; };
		06EAF96C24604D160084DEF4 /* CardTableViewCell.swift in Sources */ = {isa = PBXBuildFile; fileRef = 06EAF96A24604D160084DEF4 /* CardTableViewCell.swift */; };
		06EAF96D24604D160084DEF4 /* CardTableViewCell.xib in Resources */ = {isa = PBXBuildFile; fileRef = 06EAF96B24604D160084DEF4 /* CardTableViewCell.xib */; };
		06ED3F182492CC0D00A59CD0 /* StorageManager.swift in Sources */ = {isa = PBXBuildFile; fileRef = 06ED3F172492CC0D00A59CD0 /* StorageManager.swift */; };
		06ED3F1D2492CC6400A59CD0 /* NetworkManager.swift in Sources */ = {isa = PBXBuildFile; fileRef = 06ED3F1C2492CC6400A59CD0 /* NetworkManager.swift */; };
/* End PBXBuildFile section */

/* Begin PBXContainerItemProxy section */
		06EAF94E2460439F0084DEF4 /* PBXContainerItemProxy */ = {
			isa = PBXContainerItemProxy;
			containerPortal = 06EAF92F2460439C0084DEF4 /* Project object */;
			proxyType = 1;
			remoteGlobalIDString = 06EAF9362460439D0084DEF4;
			remoteInfo = TableViewSample;
		};
		06EAF9592460439F0084DEF4 /* PBXContainerItemProxy */ = {
			isa = PBXContainerItemProxy;
			containerPortal = 06EAF92F2460439C0084DEF4 /* Project object */;
			proxyType = 1;
			remoteGlobalIDString = 06EAF9362460439D0084DEF4;
			remoteInfo = TableViewSample;
		};
/* End PBXContainerItemProxy section */

/* Begin PBXFileReference section */
		063E747E24634A6000819FA2 /* LargeTableViewCell.swift */ = {isa = PBXFileReference; lastKnownFileType = sourcecode.swift; path = LargeTableViewCell.swift; sourceTree = "<group>"; };
		063E747F24634A6000819FA2 /* LargeTableViewCell.xib */ = {isa = PBXFileReference; lastKnownFileType = file.xib; path = LargeTableViewCell.xib; sourceTree = "<group>"; };
		06C56FDA24770EEC00B81DA6 /* TableViewSample copy.app */ = {isa = PBXFileReference; explicitFileType = wrapper.application; includeInIndex = 0; path = "TableViewSample copy.app"; sourceTree = BUILT_PRODUCTS_DIR; };
		06C56FDB24770EED00B81DA6 /* TableViewSample copy-Info.plist */ = {isa = PBXFileReference; lastKnownFileType = text.plist.xml; name = "TableViewSample copy-Info.plist"; path = "/Users/gabi/Code/Swift/TableViewSample/TableViewSample copy-Info.plist"; sourceTree = "<absolute>"; };
		06E45950249BE4EC00920A6D /* TampinhaTableViewCell.swift */ = {isa = PBXFileReference; lastKnownFileType = sourcecode.swift; path = TampinhaTableViewCell.swift; sourceTree = "<group>"; };
		06E45951249BE4EC00920A6D /* TampinhaTableViewCell.xib */ = {isa = PBXFileReference; lastKnownFileType = file.xib; path = TampinhaTableViewCell.xib; sourceTree = "<group>"; };
		06E45956249BE82600920A6D /* TampinhaCollectionViewCell.swift */ = {isa = PBXFileReference; lastKnownFileType = sourcecode.swift; path = TampinhaCollectionViewCell.swift; sourceTree = "<group>"; };
		06E45957249BE82600920A6D /* TampinhaCollectionViewCell.xib */ = {isa = PBXFileReference; lastKnownFileType = file.xib; path = TampinhaCollectionViewCell.xib; sourceTree = "<group>"; };
		06EAF9372460439D0084DEF4 /* TableViewSample.app */ = {isa = PBXFileReference; explicitFileType = wrapper.application; includeInIndex = 0; path = TableViewSample.app; sourceTree = BUILT_PRODUCTS_DIR; };
		06EAF93A2460439D0084DEF4 /* AppDelegate.swift */ = {isa = PBXFileReference; lastKnownFileType = sourcecode.swift; path = AppDelegate.swift; sourceTree = "<group>"; };
		06EAF93C2460439D0084DEF4 /* SceneDelegate.swift */ = {isa = PBXFileReference; lastKnownFileType = sourcecode.swift; path = SceneDelegate.swift; sourceTree = "<group>"; };
		06EAF93E2460439D0084DEF4 /* ViewController.swift */ = {isa = PBXFileReference; lastKnownFileType = sourcecode.swift; path = ViewController.swift; sourceTree = "<group>"; };
		06EAF9412460439D0084DEF4 /* Base */ = {isa = PBXFileReference; lastKnownFileType = file.storyboard; name = Base; path = Base.lproj/Main.storyboard; sourceTree = "<group>"; };
		06EAF9432460439F0084DEF4 /* Assets.xcassets */ = {isa = PBXFileReference; lastKnownFileType = folder.assetcatalog; path = Assets.xcassets; sourceTree = "<group>"; };
		06EAF9462460439F0084DEF4 /* Base */ = {isa = PBXFileReference; lastKnownFileType = file.storyboard; name = Base; path = Base.lproj/LaunchScreen.storyboard; sourceTree = "<group>"; };
		06EAF9482460439F0084DEF4 /* Info.plist */ = {isa = PBXFileReference; lastKnownFileType = text.plist.xml; path = Info.plist; sourceTree = "<group>"; };
		06EAF94D2460439F0084DEF4 /* TableViewSampleTests.xctest */ = {isa = PBXFileReference; explicitFileType = wrapper.cfbundle; includeInIndex = 0; path = TableViewSampleTests.xctest; sourceTree = BUILT_PRODUCTS_DIR; };
		06EAF9512460439F0084DEF4 /* TableViewSampleTests.swift */ = {isa = PBXFileReference; lastKnownFileType = sourcecode.swift; path = TableViewSampleTests.swift; sourceTree = "<group>"; };
		06EAF9532460439F0084DEF4 /* Info.plist */ = {isa = PBXFileReference; lastKnownFileType = text.plist.xml; path = Info.plist; sourceTree = "<group>"; };
		06EAF9582460439F0084DEF4 /* TableViewSampleUITests.xctest */ = {isa = PBXFileReference; explicitFileType = wrapper.cfbundle; includeInIndex = 0; path = TableViewSampleUITests.xctest; sourceTree = BUILT_PRODUCTS_DIR; };
		06EAF95C2460439F0084DEF4 /* TableViewSampleUITests.swift */ = {isa = PBXFileReference; lastKnownFileType = sourcecode.swift; path = TableViewSampleUITests.swift; sourceTree = "<group>"; };
		06EAF95E2460439F0084DEF4 /* Info.plist */ = {isa = PBXFileReference; lastKnownFileType = text.plist.xml; path = Info.plist; sourceTree = "<group>"; };
		06EAF96A24604D160084DEF4 /* CardTableViewCell.swift */ = {isa = PBXFileReference; lastKnownFileType = sourcecode.swift; path = CardTableViewCell.swift; sourceTree = "<group>"; };
		06EAF96B24604D160084DEF4 /* CardTableViewCell.xib */ = {isa = PBXFileReference; lastKnownFileType = file.xib; path = CardTableViewCell.xib; sourceTree = "<group>"; };
		06ED3F172492CC0D00A59CD0 /* StorageManager.swift */ = {isa = PBXFileReference; lastKnownFileType = sourcecode.swift; path = StorageManager.swift; sourceTree = "<group>"; };
		06ED3F1C2492CC6400A59CD0 /* NetworkManager.swift */ = {isa = PBXFileReference; lastKnownFileType = sourcecode.swift; path = NetworkManager.swift; sourceTree = "<group>"; };
/* End PBXFileReference section */

/* Begin PBXFrameworksBuildPhase section */
		06C56FD024770EEC00B81DA6 /* Frameworks */ = {
			isa = PBXFrameworksBuildPhase;
			buildActionMask = 2147483647;
			files = (
			);
			runOnlyForDeploymentPostprocessing = 0;
		};
		06EAF9342460439D0084DEF4 /* Frameworks */ = {
			isa = PBXFrameworksBuildPhase;
			buildActionMask = 2147483647;
			files = (
			);
			runOnlyForDeploymentPostprocessing = 0;
		};
		06EAF94A2460439F0084DEF4 /* Frameworks */ = {
			isa = PBXFrameworksBuildPhase;
			buildActionMask = 2147483647;
			files = (
			);
			runOnlyForDeploymentPostprocessing = 0;
		};
		06EAF9552460439F0084DEF4 /* Frameworks */ = {
			isa = PBXFrameworksBuildPhase;
			buildActionMask = 2147483647;
			files = (
			);
			runOnlyForDeploymentPostprocessing = 0;
		};
/* End PBXFrameworksBuildPhase section */

/* Begin PBXGroup section */
		063E748224634A6500819FA2 /* Large */ = {
			isa = PBXGroup;
			children = (
				063E747E24634A6000819FA2 /* LargeTableViewCell.swift */,
				063E747F24634A6000819FA2 /* LargeTableViewCell.xib */,
			);
			path = Large;
			sourceTree = "<group>";
		};
		06E45954249BE4F000920A6D /* Tampinha */ = {
			isa = PBXGroup;
			children = (
				06E45950249BE4EC00920A6D /* TampinhaTableViewCell.swift */,
				06E45951249BE4EC00920A6D /* TampinhaTableViewCell.xib */,
				06E4595A249BE82900920A6D /* TampinhaCollectionViewCell */,
			);
			path = Tampinha;
			sourceTree = "<group>";
		};
		06E4595A249BE82900920A6D /* TampinhaCollectionViewCell */ = {
			isa = PBXGroup;
			children = (
				06E45956249BE82600920A6D /* TampinhaCollectionViewCell.swift */,
				06E45957249BE82600920A6D /* TampinhaCollectionViewCell.xib */,
			);
			path = TampinhaCollectionViewCell;
			sourceTree = "<group>";
		};
		06EAF92E2460439C0084DEF4 = {
			isa = PBXGroup;
			children = (
				06EAF9392460439D0084DEF4 /* TableViewSample */,
				06EAF9502460439F0084DEF4 /* TableViewSampleTests */,
				06EAF95B2460439F0084DEF4 /* TableViewSampleUITests */,
				06EAF9382460439D0084DEF4 /* Products */,
				06C56FDB24770EED00B81DA6 /* TableViewSample copy-Info.plist */,
			);
			sourceTree = "<group>";
		};
		06EAF9382460439D0084DEF4 /* Products */ = {
			isa = PBXGroup;
			children = (
				06EAF9372460439D0084DEF4 /* TableViewSample.app */,
				06EAF94D2460439F0084DEF4 /* TableViewSampleTests.xctest */,
				06EAF9582460439F0084DEF4 /* TableViewSampleUITests.xctest */,
				06C56FDA24770EEC00B81DA6 /* TableViewSample copy.app */,
			);
			name = Products;
			sourceTree = "<group>";
		};
		06EAF9392460439D0084DEF4 /* TableViewSample */ = {
			isa = PBXGroup;
			children = (
				06EAF93A2460439D0084DEF4 /* AppDelegate.swift */,
				06EAF93C2460439D0084DEF4 /* SceneDelegate.swift */,
				06E45954249BE4F000920A6D /* Tampinha */,
				063E748224634A6500819FA2 /* Large */,
				06EAF96E24604D1A0084DEF4 /* CardTableViewCell */,
				06EAF93E2460439D0084DEF4 /* ViewController.swift */,
				06EAF9402460439D0084DEF4 /* Main.storyboard */,
				06EAF9432460439F0084DEF4 /* Assets.xcassets */,
				06EAF9452460439F0084DEF4 /* LaunchScreen.storyboard */,
				06EAF9482460439F0084DEF4 /* Info.plist */,
				06ED3F1E2492CC6900A59CD0 /* Managers */,
			);
			path = TableViewSample;
			sourceTree = "<group>";
		};
		06EAF9502460439F0084DEF4 /* TableViewSampleTests */ = {
			isa = PBXGroup;
			children = (
				06EAF9512460439F0084DEF4 /* TableViewSampleTests.swift */,
				06EAF9532460439F0084DEF4 /* Info.plist */,
			);
			path = TableViewSampleTests;
			sourceTree = "<group>";
		};
		06EAF95B2460439F0084DEF4 /* TableViewSampleUITests */ = {
			isa = PBXGroup;
			children = (
				06EAF95C2460439F0084DEF4 /* TableViewSampleUITests.swift */,
				06EAF95E2460439F0084DEF4 /* Info.plist */,
			);
			path = TableViewSampleUITests;
			sourceTree = "<group>";
		};
		06EAF96E24604D1A0084DEF4 /* CardTableViewCell */ = {
			isa = PBXGroup;
			children = (
				06EAF96A24604D160084DEF4 /* CardTableViewCell.swift */,
				06EAF96B24604D160084DEF4 /* CardTableViewCell.xib */,
			);
			path = CardTableViewCell;
			sourceTree = "<group>";
		};
		06ED3F1E2492CC6900A59CD0 /* Managers */ = {
			isa = PBXGroup;
			children = (
				06ED3F1C2492CC6400A59CD0 /* NetworkManager.swift */,
				06ED3F172492CC0D00A59CD0 /* StorageManager.swift */,
			);
			path = Managers;
			sourceTree = "<group>";
		};
/* End PBXGroup section */

/* Begin PBXNativeTarget section */
		06C56FC924770EEC00B81DA6 /* TableViewSample copy */ = {
			isa = PBXNativeTarget;
			buildConfigurationList = 06C56FD724770EEC00B81DA6 /* Build configuration list for PBXNativeTarget "TableViewSample copy" */;
			buildPhases = (
				06C56FCA24770EEC00B81DA6 /* Sources */,
				06C56FD024770EEC00B81DA6 /* Frameworks */,
				06C56FD124770EEC00B81DA6 /* Resources */,
			);
			buildRules = (
			);
			dependencies = (
			);
			name = "TableViewSample copy";
			productName = TableViewSample;
			productReference = 06C56FDA24770EEC00B81DA6 /* TableViewSample copy.app */;
			productType = "com.apple.product-type.application";
		};
		06EAF9362460439D0084DEF4 /* TableViewSample */ = {
			isa = PBXNativeTarget;
			buildConfigurationList = 06EAF9612460439F0084DEF4 /* Build configuration list for PBXNativeTarget "TableViewSample" */;
			buildPhases = (
				06EAF9332460439D0084DEF4 /* Sources */,
				06EAF9342460439D0084DEF4 /* Frameworks */,
				06EAF9352460439D0084DEF4 /* Resources */,
			);
			buildRules = (
			);
			dependencies = (
			);
			name = TableViewSample;
			productName = TableViewSample;
			productReference = 06EAF9372460439D0084DEF4 /* TableViewSample.app */;
			productType = "com.apple.product-type.application";
		};
		06EAF94C2460439F0084DEF4 /* TableViewSampleTests */ = {
			isa = PBXNativeTarget;
			buildConfigurationList = 06EAF9642460439F0084DEF4 /* Build configuration list for PBXNativeTarget "TableViewSampleTests" */;
			buildPhases = (
				06EAF9492460439F0084DEF4 /* Sources */,
				06EAF94A2460439F0084DEF4 /* Frameworks */,
				06EAF94B2460439F0084DEF4 /* Resources */,
			);
			buildRules = (
			);
			dependencies = (
				06EAF94F2460439F0084DEF4 /* PBXTargetDependency */,
			);
			name = TableViewSampleTests;
			productName = TableViewSampleTests;
			productReference = 06EAF94D2460439F0084DEF4 /* TableViewSampleTests.xctest */;
			productType = "com.apple.product-type.bundle.unit-test";
		};
		06EAF9572460439F0084DEF4 /* TableViewSampleUITests */ = {
			isa = PBXNativeTarget;
			buildConfigurationList = 06EAF9672460439F0084DEF4 /* Build configuration list for PBXNativeTarget "TableViewSampleUITests" */;
			buildPhases = (
				06EAF9542460439F0084DEF4 /* Sources */,
				06EAF9552460439F0084DEF4 /* Frameworks */,
				06EAF9562460439F0084DEF4 /* Resources */,
			);
			buildRules = (
			);
			dependencies = (
				06EAF95A2460439F0084DEF4 /* PBXTargetDependency */,
			);
			name = TableViewSampleUITests;
			productName = TableViewSampleUITests;
			productReference = 06EAF9582460439F0084DEF4 /* TableViewSampleUITests.xctest */;
			productType = "com.apple.product-type.bundle.ui-testing";
		};
/* End PBXNativeTarget section */

/* Begin PBXProject section */
		06EAF92F2460439C0084DEF4 /* Project object */ = {
			isa = PBXProject;
			attributes = {
				LastSwiftUpdateCheck = 1130;
				LastUpgradeCheck = 1130;
				ORGANIZATIONNAME = sharkberry;
				TargetAttributes = {
					06EAF9362460439D0084DEF4 = {
						CreatedOnToolsVersion = 11.3.1;
					};
					06EAF94C2460439F0084DEF4 = {
						CreatedOnToolsVersion = 11.3.1;
						TestTargetID = 06EAF9362460439D0084DEF4;
					};
					06EAF9572460439F0084DEF4 = {
						CreatedOnToolsVersion = 11.3.1;
						TestTargetID = 06EAF9362460439D0084DEF4;
					};
				};
			};
			buildConfigurationList = 06EAF9322460439C0084DEF4 /* Build configuration list for PBXProject "TableViewSample" */;
			compatibilityVersion = "Xcode 9.3";
			developmentRegion = en;
			hasScannedForEncodings = 0;
			knownRegions = (
				en,
				Base,
			);
			mainGroup = 06EAF92E2460439C0084DEF4;
			productRefGroup = 06EAF9382460439D0084DEF4 /* Products */;
			projectDirPath = "";
			projectRoot = "";
			targets = (
				06EAF9362460439D0084DEF4 /* TableViewSample */,
				06C56FC924770EEC00B81DA6 /* TableViewSample copy */,
				06EAF94C2460439F0084DEF4 /* TableViewSampleTests */,
				06EAF9572460439F0084DEF4 /* TableViewSampleUITests */,
			);
		};
/* End PBXProject section */

/* Begin PBXResourcesBuildPhase section */
		06C56FD124770EEC00B81DA6 /* Resources */ = {
			isa = PBXResourcesBuildPhase;
			buildActionMask = 2147483647;
			files = (
				06C56FD224770EEC00B81DA6 /* LaunchScreen.storyboard in Resources */,
				06C56FD324770EEC00B81DA6 /* LargeTableViewCell.xib in Resources */,
				06C56FD424770EEC00B81DA6 /* Assets.xcassets in Resources */,
				06C56FD524770EEC00B81DA6 /* Main.storyboard in Resources */,
				06C56FD624770EEC00B81DA6 /* CardTableViewCell.xib in Resources */,
			);
			runOnlyForDeploymentPostprocessing = 0;
		};
		06EAF9352460439D0084DEF4 /* Resources */ = {
			isa = PBXResourcesBuildPhase;
			buildActionMask = 2147483647;
			files = (
				06EAF9472460439F0084DEF4 /* LaunchScreen.storyboard in Resources */,
				063E748124634A6000819FA2 /* LargeTableViewCell.xib in Resources */,
				06EAF9442460439F0084DEF4 /* Assets.xcassets in Resources */,
				06EAF9422460439D0084DEF4 /* Main.storyboard in Resources */,
				06E45959249BE82600920A6D /* TampinhaCollectionViewCell.xib in Resources */,
				06EAF96D24604D160084DEF4 /* CardTableViewCell.xib in Resources */,
				06E45953249BE4EC00920A6D /* TampinhaTableViewCell.xib in Resources */,
			);
			runOnlyForDeploymentPostprocessing = 0;
		};
		06EAF94B2460439F0084DEF4 /* Resources */ = {
			isa = PBXResourcesBuildPhase;
			buildActionMask = 2147483647;
			files = (
			);
			runOnlyForDeploymentPostprocessing = 0;
		};
		06EAF9562460439F0084DEF4 /* Resources */ = {
			isa = PBXResourcesBuildPhase;
			buildActionMask = 2147483647;
			files = (
			);
			runOnlyForDeploymentPostprocessing = 0;
		};
/* End PBXResourcesBuildPhase section */

/* Begin PBXSourcesBuildPhase section */
		06C56FCA24770EEC00B81DA6 /* Sources */ = {
			isa = PBXSourcesBuildPhase;
			buildActionMask = 2147483647;
			files = (
				06C56FCB24770EEC00B81DA6 /* ViewController.swift in Sources */,
				06E45955249BE76D00920A6D /* TampinhaTableViewCell.swift in Sources */,
				06C56FCC24770EEC00B81DA6 /* AppDelegate.swift in Sources */,
				06C56FCD24770EEC00B81DA6 /* SceneDelegate.swift in Sources */,
				06C56FCE24770EEC00B81DA6 /* LargeTableViewCell.swift in Sources */,
				06C56FCF24770EEC00B81DA6 /* CardTableViewCell.swift in Sources */,
			);
			runOnlyForDeploymentPostprocessing = 0;
		};
		06EAF9332460439D0084DEF4 /* Sources */ = {
			isa = PBXSourcesBuildPhase;
			buildActionMask = 2147483647;
			files = (
				06ED3F1D2492CC6400A59CD0 /* NetworkManager.swift in Sources */,
				06E45958249BE82600920A6D /* TampinhaCollectionViewCell.swift in Sources */,
				06EAF93F2460439D0084DEF4 /* ViewController.swift in Sources */,
				06EAF93B2460439D0084DEF4 /* AppDelegate.swift in Sources */,
				06E45952249BE4EC00920A6D /* TampinhaTableViewCell.swift in Sources */,
				06EAF93D2460439D0084DEF4 /* SceneDelegate.swift in Sources */,
				06ED3F182492CC0D00A59CD0 /* StorageManager.swift in Sources */,
				063E748024634A6000819FA2 /* LargeTableViewCell.swift in Sources */,
				06EAF96C24604D160084DEF4 /* CardTableViewCell.swift in Sources */,
			);
			runOnlyForDeploymentPostprocessing = 0;
		};
		06EAF9492460439F0084DEF4 /* Sources */ = {
			isa = PBXSourcesBuildPhase;
			buildActionMask = 2147483647;
			files = (
				06EAF9522460439F0084DEF4 /* TableViewSampleTests.swift in Sources */,
			);
			runOnlyForDeploymentPostprocessing = 0;
		};
		06EAF9542460439F0084DEF4 /* Sources */ = {
			isa = PBXSourcesBuildPhase;
			buildActionMask = 2147483647;
			files = (
				06EAF95D2460439F0084DEF4 /* TableViewSampleUITests.swift in Sources */,
			);
			runOnlyForDeploymentPostprocessing = 0;
		};
/* End PBXSourcesBuildPhase section */

/* Begin PBXTargetDependency section */
		06EAF94F2460439F0084DEF4 /* PBXTargetDependency */ = {
			isa = PBXTargetDependency;
			target = 06EAF9362460439D0084DEF4 /* TableViewSample */;
			targetProxy = 06EAF94E2460439F0084DEF4 /* PBXContainerItemProxy */;
		};
		06EAF95A2460439F0084DEF4 /* PBXTargetDependency */ = {
			isa = PBXTargetDependency;
			target = 06EAF9362460439D0084DEF4 /* TableViewSample */;
			targetProxy = 06EAF9592460439F0084DEF4 /* PBXContainerItemProxy */;
		};
/* End PBXTargetDependency section */

/* Begin PBXVariantGroup section */
		06EAF9402460439D0084DEF4 /* Main.storyboard */ = {
			isa = PBXVariantGroup;
			children = (
				06EAF9412460439D0084DEF4 /* Base */,
			);
			name = Main.storyboard;
			sourceTree = "<group>";
		};
		06EAF9452460439F0084DEF4 /* LaunchScreen.storyboard */ = {
			isa = PBXVariantGroup;
			children = (
				06EAF9462460439F0084DEF4 /* Base */,
			);
			name = LaunchScreen.storyboard;
			sourceTree = "<group>";
		};
/* End PBXVariantGroup section */

/* Begin XCBuildConfiguration section */
		06C56FD824770EEC00B81DA6 /* Debug */ = {
			isa = XCBuildConfiguration;
			buildSettings = {
				ASSETCATALOG_COMPILER_APPICON_NAME = AppIcon;
				CODE_SIGN_STYLE = Automatic;
				DEVELOPMENT_TEAM = 526YR6WHWC;
				INFOPLIST_FILE = "TableViewSample copy-Info.plist";
				LD_RUNPATH_SEARCH_PATHS = (
					"$(inherited)",
					"@executable_path/Frameworks",
				);
				PRODUCT_BUNDLE_IDENTIFIER = com.sharkberry.TableViewSample;
				PRODUCT_NAME = "$(TARGET_NAME)";
				SWIFT_VERSION = 5.0;
				TARGETED_DEVICE_FAMILY = "1,2";
			};
			name = Debug;
		};
		06C56FD924770EEC00B81DA6 /* Release */ = {
			isa = XCBuildConfiguration;
			buildSettings = {
				ASSETCATALOG_COMPILER_APPICON_NAME = AppIcon;
				CODE_SIGN_STYLE = Automatic;
				DEVELOPMENT_TEAM = 526YR6WHWC;
				INFOPLIST_FILE = "TableViewSample copy-Info.plist";
				LD_RUNPATH_SEARCH_PATHS = (
					"$(inherited)",
					"@executable_path/Frameworks",
				);
				PRODUCT_BUNDLE_IDENTIFIER = com.sharkberry.TableViewSample;
				PRODUCT_NAME = "$(TARGET_NAME)";
				SWIFT_VERSION = 5.0;
				TARGETED_DEVICE_FAMILY = "1,2";
			};
			name = Release;
		};
		06EAF95F2460439F0084DEF4 /* Debug */ = {
			isa = XCBuildConfiguration;
			buildSettings = {
				ALWAYS_SEARCH_USER_PATHS = NO;
				CLANG_ANALYZER_NONNULL = YES;
				CLANG_ANALYZER_NUMBER_OBJECT_CONVERSION = YES_AGGRESSIVE;
				CLANG_CXX_LANGUAGE_STANDARD = "gnu++14";
				CLANG_CXX_LIBRARY = "libc++";
				CLANG_ENABLE_MODULES = YES;
				CLANG_ENABLE_OBJC_ARC = YES;
				CLANG_ENABLE_OBJC_WEAK = YES;
				CLANG_WARN_BLOCK_CAPTURE_AUTORELEASING = YES;
				CLANG_WARN_BOOL_CONVERSION = YES;
				CLANG_WARN_COMMA = YES;
				CLANG_WARN_CONSTANT_CONVERSION = YES;
				CLANG_WARN_DEPRECATED_OBJC_IMPLEMENTATIONS = YES;
				CLANG_WARN_DIRECT_OBJC_ISA_USAGE = YES_ERROR;
				CLANG_WARN_DOCUMENTATION_COMMENTS = YES;
				CLANG_WARN_EMPTY_BODY = YES;
				CLANG_WARN_ENUM_CONVERSION = YES;
				CLANG_WARN_INFINITE_RECURSION = YES;
				CLANG_WARN_INT_CONVERSION = YES;
				CLANG_WARN_NON_LITERAL_NULL_CONVERSION = YES;
				CLANG_WARN_OBJC_IMPLICIT_RETAIN_SELF = YES;
				CLANG_WARN_OBJC_LITERAL_CONVERSION = YES;
				CLANG_WARN_OBJC_ROOT_CLASS = YES_ERROR;
				CLANG_WARN_RANGE_LOOP_ANALYSIS = YES;
				CLANG_WARN_STRICT_PROTOTYPES = YES;
				CLANG_WARN_SUSPICIOUS_MOVE = YES;
				CLANG_WARN_UNGUARDED_AVAILABILITY = YES_AGGRESSIVE;
				CLANG_WARN_UNREACHABLE_CODE = YES;
				CLANG_WARN__DUPLICATE_METHOD_MATCH = YES;
				COPY_PHASE_STRIP = NO;
				DEBUG_INFORMATION_FORMAT = dwarf;
				ENABLE_STRICT_OBJC_MSGSEND = YES;
				ENABLE_TESTABILITY = YES;
				GCC_C_LANGUAGE_STANDARD = gnu11;
				GCC_DYNAMIC_NO_PIC = NO;
				GCC_NO_COMMON_BLOCKS = YES;
				GCC_OPTIMIZATION_LEVEL = 0;
				GCC_PREPROCESSOR_DEFINITIONS = (
					"DEBUG=1",
					"$(inherited)",
				);
				GCC_WARN_64_TO_32_BIT_CONVERSION = YES;
				GCC_WARN_ABOUT_RETURN_TYPE = YES_ERROR;
				GCC_WARN_UNDECLARED_SELECTOR = YES;
				GCC_WARN_UNINITIALIZED_AUTOS = YES_AGGRESSIVE;
				GCC_WARN_UNUSED_FUNCTION = YES;
				GCC_WARN_UNUSED_VARIABLE = YES;
				IPHONEOS_DEPLOYMENT_TARGET = 13.2;
				MTL_ENABLE_DEBUG_INFO = INCLUDE_SOURCE;
				MTL_FAST_MATH = YES;
				ONLY_ACTIVE_ARCH = YES;
				SDKROOT = iphoneos;
				SWIFT_ACTIVE_COMPILATION_CONDITIONS = DEBUG;
				SWIFT_OPTIMIZATION_LEVEL = "-Onone";
			};
			name = Debug;
		};
		06EAF9602460439F0084DEF4 /* Release */ = {
			isa = XCBuildConfiguration;
			buildSettings = {
				ALWAYS_SEARCH_USER_PATHS = NO;
				CLANG_ANALYZER_NONNULL = YES;
				CLANG_ANALYZER_NUMBER_OBJECT_CONVERSION = YES_AGGRESSIVE;
				CLANG_CXX_LANGUAGE_STANDARD = "gnu++14";
				CLANG_CXX_LIBRARY = "libc++";
				CLANG_ENABLE_MODULES = YES;
				CLANG_ENABLE_OBJC_ARC = YES;
				CLANG_ENABLE_OBJC_WEAK = YES;
				CLANG_WARN_BLOCK_CAPTURE_AUTORELEASING = YES;
				CLANG_WARN_BOOL_CONVERSION = YES;
				CLANG_WARN_COMMA = YES;
				CLANG_WARN_CONSTANT_CONVERSION = YES;
				CLANG_WARN_DEPRECATED_OBJC_IMPLEMENTATIONS = YES;
				CLANG_WARN_DIRECT_OBJC_ISA_USAGE = YES_ERROR;
				CLANG_WARN_DOCUMENTATION_COMMENTS = YES;
				CLANG_WARN_EMPTY_BODY = YES;
				CLANG_WARN_ENUM_CONVERSION = YES;
				CLANG_WARN_INFINITE_RECURSION = YES;
				CLANG_WARN_INT_CONVERSION = YES;
				CLANG_WARN_NON_LITERAL_NULL_CONVERSION = YES;
				CLANG_WARN_OBJC_IMPLICIT_RETAIN_SELF = YES;
				CLANG_WARN_OBJC_LITERAL_CONVERSION = YES;
				CLANG_WARN_OBJC_ROOT_CLASS = YES_ERROR;
				CLANG_WARN_RANGE_LOOP_ANALYSIS = YES;
				CLANG_WARN_STRICT_PROTOTYPES = YES;
				CLANG_WARN_SUSPICIOUS_MOVE = YES;
				CLANG_WARN_UNGUARDED_AVAILABILITY = YES_AGGRESSIVE;
				CLANG_WARN_UNREACHABLE_CODE = YES;
				CLANG_WARN__DUPLICATE_METHOD_MATCH = YES;
				COPY_PHASE_STRIP = NO;
				DEBUG_INFORMATION_FORMAT = "dwarf-with-dsym";
				ENABLE_NS_ASSERTIONS = NO;
				ENABLE_STRICT_OBJC_MSGSEND = YES;
				GCC_C_LANGUAGE_STANDARD = gnu11;
				GCC_NO_COMMON_BLOCKS = YES;
				GCC_WARN_64_TO_32_BIT_CONVERSION = YES;
				GCC_WARN_ABOUT_RETURN_TYPE = YES_ERROR;
				GCC_WARN_UNDECLARED_SELECTOR = YES;
				GCC_WARN_UNINITIALIZED_AUTOS = YES_AGGRESSIVE;
				GCC_WARN_UNUSED_FUNCTION = YES;
				GCC_WARN_UNUSED_VARIABLE = YES;
				IPHONEOS_DEPLOYMENT_TARGET = 13.2;
				MTL_ENABLE_DEBUG_INFO = NO;
				MTL_FAST_MATH = YES;
				SDKROOT = iphoneos;
				SWIFT_COMPILATION_MODE = wholemodule;
				SWIFT_OPTIMIZATION_LEVEL = "-O";
				VALIDATE_PRODUCT = YES;
			};
			name = Release;
		};
		06EAF9622460439F0084DEF4 /* Debug */ = {
			isa = XCBuildConfiguration;
			buildSettings = {
				ASSETCATALOG_COMPILER_APPICON_NAME = AppIcon;
				CODE_SIGN_STYLE = Automatic;
				DEVELOPMENT_TEAM = 526YR6WHWC;
				INFOPLIST_FILE = TableViewSample/Info.plist;
				LD_RUNPATH_SEARCH_PATHS = (
					"$(inherited)",
					"@executable_path/Frameworks",
				);
				PRODUCT_BUNDLE_IDENTIFIER = com.sharkberry.TableViewSample;
				PRODUCT_NAME = "$(TARGET_NAME)";
				SWIFT_VERSION = 5.0;
				TARGETED_DEVICE_FAMILY = "1,2";
			};
			name = Debug;
		};
		06EAF9632460439F0084DEF4 /* Release */ = {
			isa = XCBuildConfiguration;
			buildSettings = {
				ASSETCATALOG_COMPILER_APPICON_NAME = AppIcon;
				CODE_SIGN_STYLE = Automatic;
				DEVELOPMENT_TEAM = 526YR6WHWC;
				INFOPLIST_FILE = TableViewSample/Info.plist;
				LD_RUNPATH_SEARCH_PATHS = (
					"$(inherited)",
					"@executable_path/Frameworks",
				);
				PRODUCT_BUNDLE_IDENTIFIER = com.sharkberry.TableViewSample;
				PRODUCT_NAME = "$(TARGET_NAME)";
				SWIFT_VERSION = 5.0;
				TARGETED_DEVICE_FAMILY = "1,2";
			};
			name = Release;
		};
		06EAF9652460439F0084DEF4 /* Debug */ = {
			isa = XCBuildConfiguration;
			buildSettings = {
				ALWAYS_EMBED_SWIFT_STANDARD_LIBRARIES = YES;
				BUNDLE_LOADER = "$(TEST_HOST)";
				CODE_SIGN_STYLE = Automatic;
				DEVELOPMENT_TEAM = 526YR6WHWC;
				INFOPLIST_FILE = TableViewSampleTests/Info.plist;
				IPHONEOS_DEPLOYMENT_TARGET = 13.2;
				LD_RUNPATH_SEARCH_PATHS = (
					"$(inherited)",
					"@executable_path/Frameworks",
					"@loader_path/Frameworks",
				);
				PRODUCT_BUNDLE_IDENTIFIER = com.sharkberry.TableViewSampleTests;
				PRODUCT_NAME = "$(TARGET_NAME)";
				SWIFT_VERSION = 5.0;
				TARGETED_DEVICE_FAMILY = "1,2";
				TEST_HOST = "$(BUILT_PRODUCTS_DIR)/TableViewSample.app/TableViewSample";
			};
			name = Debug;
		};
		06EAF9662460439F0084DEF4 /* Release */ = {
			isa = XCBuildConfiguration;
			buildSettings = {
				ALWAYS_EMBED_SWIFT_STANDARD_LIBRARIES = YES;
				BUNDLE_LOADER = "$(TEST_HOST)";
				CODE_SIGN_STYLE = Automatic;
				DEVELOPMENT_TEAM = 526YR6WHWC;
				INFOPLIST_FILE = TableViewSampleTests/Info.plist;
				IPHONEOS_DEPLOYMENT_TARGET = 13.2;
				LD_RUNPATH_SEARCH_PATHS = (
					"$(inherited)",
					"@executable_path/Frameworks",
					"@loader_path/Frameworks",
				);
				PRODUCT_BUNDLE_IDENTIFIER = com.sharkberry.TableViewSampleTests;
				PRODUCT_NAME = "$(TARGET_NAME)";
				SWIFT_VERSION = 5.0;
				TARGETED_DEVICE_FAMILY = "1,2";
				TEST_HOST = "$(BUILT_PRODUCTS_DIR)/TableViewSample.app/TableViewSample";
			};
			name = Release;
		};
		06EAF9682460439F0084DEF4 /* Debug */ = {
			isa = XCBuildConfiguration;
			buildSettings = {
				ALWAYS_EMBED_SWIFT_STANDARD_LIBRARIES = YES;
				CODE_SIGN_STYLE = Automatic;
				DEVELOPMENT_TEAM = 526YR6WHWC;
				INFOPLIST_FILE = TableViewSampleUITests/Info.plist;
				LD_RUNPATH_SEARCH_PATHS = (
					"$(inherited)",
					"@executable_path/Frameworks",
					"@loader_path/Frameworks",
				);
				PRODUCT_BUNDLE_IDENTIFIER = com.sharkberry.TableViewSampleUITests;
				PRODUCT_NAME = "$(TARGET_NAME)";
				SWIFT_VERSION = 5.0;
				TARGETED_DEVICE_FAMILY = "1,2";
				TEST_TARGET_NAME = TableViewSample;
			};
			name = Debug;
		};
		06EAF9692460439F0084DEF4 /* Release */ = {
			isa = XCBuildConfiguration;
			buildSettings = {
				ALWAYS_EMBED_SWIFT_STANDARD_LIBRARIES = YES;
				CODE_SIGN_STYLE = Automatic;
				DEVELOPMENT_TEAM = 526YR6WHWC;
				INFOPLIST_FILE = TableViewSampleUITests/Info.plist;
				LD_RUNPATH_SEARCH_PATHS = (
					"$(inherited)",
					"@executable_path/Frameworks",
					"@loader_path/Frameworks",
				);
				PRODUCT_BUNDLE_IDENTIFIER = com.sharkberry.TableViewSampleUITests;
				PRODUCT_NAME = "$(TARGET_NAME)";
				SWIFT_VERSION = 5.0;
				TARGETED_DEVICE_FAMILY = "1,2";
				TEST_TARGET_NAME = TableViewSample;
			};
			name = Release;
		};
/* End XCBuildConfiguration section */

/* Begin XCConfigurationList section */
		06C56FD724770EEC00B81DA6 /* Build configuration list for PBXNativeTarget "TableViewSample copy" */ = {
			isa = XCConfigurationList;
			buildConfigurations = (
				06C56FD824770EEC00B81DA6 /* Debug */,
				06C56FD924770EEC00B81DA6 /* Release */,
			);
			defaultConfigurationIsVisible = 0;
			defaultConfigurationName = Release;
		};
		06EAF9322460439C0084DEF4 /* Build configuration list for PBXProject "TableViewSample" */ = {
			isa = XCConfigurationList;
			buildConfigurations = (
				06EAF95F2460439F0084DEF4 /* Debug */,
				06EAF9602460439F0084DEF4 /* Release */,
			);
			defaultConfigurationIsVisible = 0;
			defaultConfigurationName = Release;
		};
		06EAF9612460439F0084DEF4 /* Build configuration list for PBXNativeTarget "TableViewSample" */ = {
			isa = XCConfigurationList;
			buildConfigurations = (
				06EAF9622460439F0084DEF4 /* Debug */,
				06EAF9632460439F0084DEF4 /* Release */,
			);
			defaultConfigurationIsVisible = 0;
			defaultConfigurationName = Release;
		};
		06EAF9642460439F0084DEF4 /* Build configuration list for PBXNativeTarget "TableViewSampleTests" */ = {
			isa = XCConfigurationList;
			buildConfigurations = (
				06EAF9652460439F0084DEF4 /* Debug */,
				06EAF9662460439F0084DEF4 /* Release */,
			);
			defaultConfigurationIsVisible = 0;
			defaultConfigurationName = Release;
		};
		06EAF9672460439F0084DEF4 /* Build configuration list for PBXNativeTarget "TableViewSampleUITests" */ = {
			isa = XCConfigurationList;
			buildConfigurations = (
				06EAF9682460439F0084DEF4 /* Debug */,
				06EAF9692460439F0084DEF4 /* Release */,
			);
			defaultConfigurationIsVisible = 0;
			defaultConfigurationName = Release;
		};
/* End XCConfigurationList section */
	};
	rootObject = 06EAF92F2460439C0084DEF4 /* Project object */;
}
